// !$*UTF8*$!
{
	archiveVersion = 1;
	classes = {
	};
	objectVersion = 50;
	objects = {

/* Begin PBXBuildFile section */
		8644537325F4D6A800C816CB /* AppDelegate.swift in Sources */ = {isa = PBXBuildFile; fileRef = 8644537225F4D6A800C816CB /* AppDelegate.swift */; };
		8644537525F4D6A800C816CB /* SceneDelegate.swift in Sources */ = {isa = PBXBuildFile; fileRef = 8644537425F4D6A800C816CB /* SceneDelegate.swift */; };
		8644537C25F4D6AC00C816CB /* Assets.xcassets in Resources */ = {isa = PBXBuildFile; fileRef = 8644537B25F4D6AC00C816CB /* Assets.xcassets */; };
		8644537F25F4D6AC00C816CB /* LaunchScreen.storyboard in Resources */ = {isa = PBXBuildFile; fileRef = 8644537D25F4D6AC00C816CB /* LaunchScreen.storyboard */; };
		8644538F25F4E51700C816CB /* HomeViewController.swift in Sources */ = {isa = PBXBuildFile; fileRef = 8644538E25F4E51700C816CB /* HomeViewController.swift */; };
		8644539125F4E54200C816CB /* HomeModel.swift in Sources */ = {isa = PBXBuildFile; fileRef = 8644539025F4E54200C816CB /* HomeModel.swift */; };
		8644539325F4E56100C816CB /* HomeViewModel.swift in Sources */ = {isa = PBXBuildFile; fileRef = 8644539225F4E56100C816CB /* HomeViewModel.swift */; };
		8644539525F4E5D600C816CB /* Home.storyboard in Resources */ = {isa = PBXBuildFile; fileRef = 8644539425F4E5D600C816CB /* Home.storyboard */; };
		864453A825F4EFAC00C816CB /* ImageSetScreenCell.swift in Sources */ = {isa = PBXBuildFile; fileRef = 864453A625F4EFAC00C816CB /* ImageSetScreenCell.swift */; };
		864453A925F4EFAC00C816CB /* ImageSetScreenCell.xib in Resources */ = {isa = PBXBuildFile; fileRef = 864453A725F4EFAC00C816CB /* ImageSetScreenCell.xib */; };
		864453AE25F4F07C00C816CB /* ActionSelectScreenCell.swift in Sources */ = {isa = PBXBuildFile; fileRef = 864453AC25F4F07C00C816CB /* ActionSelectScreenCell.swift */; };
		864453AF25F4F07C00C816CB /* ActionSelectScreenCell.xib in Resources */ = {isa = PBXBuildFile; fileRef = 864453AD25F4F07C00C816CB /* ActionSelectScreenCell.xib */; };
/* End PBXBuildFile section */

/* Begin PBXFileReference section */
		8644536F25F4D6A800C816CB /* AgeDeterminationApp.app */ = {isa = PBXFileReference; explicitFileType = wrapper.application; includeInIndex = 0; path = AgeDeterminationApp.app; sourceTree = BUILT_PRODUCTS_DIR; };
		8644537225F4D6A800C816CB /* AppDelegate.swift */ = {isa = PBXFileReference; lastKnownFileType = sourcecode.swift; path = AppDelegate.swift; sourceTree = "<group>"; };
		8644537425F4D6A800C816CB /* SceneDelegate.swift */ = {isa = PBXFileReference; lastKnownFileType = sourcecode.swift; path = SceneDelegate.swift; sourceTree = "<group>"; };
		8644537B25F4D6AC00C816CB /* Assets.xcassets */ = {isa = PBXFileReference; lastKnownFileType = folder.assetcatalog; path = Assets.xcassets; sourceTree = "<group>"; };
		8644537E25F4D6AC00C816CB /* Base */ = {isa = PBXFileReference; lastKnownFileType = file.storyboard; name = Base; path = Base.lproj/LaunchScreen.storyboard; sourceTree = "<group>"; };
		8644538025F4D6AC00C816CB /* Info.plist */ = {isa = PBXFileReference; lastKnownFileType = text.plist.xml; path = Info.plist; sourceTree = "<group>"; };
		8644538E25F4E51700C816CB /* HomeViewController.swift */ = {isa = PBXFileReference; lastKnownFileType = sourcecode.swift; path = HomeViewController.swift; sourceTree = "<group>"; };
		8644539025F4E54200C816CB /* HomeModel.swift */ = {isa = PBXFileReference; lastKnownFileType = sourcecode.swift; path = HomeModel.swift; sourceTree = "<group>"; };
		8644539225F4E56100C816CB /* HomeViewModel.swift */ = {isa = PBXFileReference; lastKnownFileType = sourcecode.swift; path = HomeViewModel.swift; sourceTree = "<group>"; };
		8644539425F4E5D600C816CB /* Home.storyboard */ = {isa = PBXFileReference; lastKnownFileType = file.storyboard; path = Home.storyboard; sourceTree = "<group>"; };
		864453A625F4EFAC00C816CB /* ImageSetScreenCell.swift */ = {isa = PBXFileReference; lastKnownFileType = sourcecode.swift; path = ImageSetScreenCell.swift; sourceTree = "<group>"; };
		864453A725F4EFAC00C816CB /* ImageSetScreenCell.xib */ = {isa = PBXFileReference; lastKnownFileType = file.xib; path = ImageSetScreenCell.xib; sourceTree = "<group>"; };
		864453AC25F4F07C00C816CB /* ActionSelectScreenCell.swift */ = {isa = PBXFileReference; lastKnownFileType = sourcecode.swift; path = ActionSelectScreenCell.swift; sourceTree = "<group>"; };
		864453AD25F4F07C00C816CB /* ActionSelectScreenCell.xib */ = {isa = PBXFileReference; lastKnownFileType = file.xib; path = ActionSelectScreenCell.xib; sourceTree = "<group>"; };
/* End PBXFileReference section */

/* Begin PBXFrameworksBuildPhase section */
		8644536C25F4D6A800C816CB /* Frameworks */ = {
			isa = PBXFrameworksBuildPhase;
			buildActionMask = 2147483647;
			files = (
			);
			runOnlyForDeploymentPostprocessing = 0;
		};
/* End PBXFrameworksBuildPhase section */

/* Begin PBXGroup section */
		8644536625F4D6A800C816CB = {
			isa = PBXGroup;
			children = (
				8644537125F4D6A800C816CB /* AgeDeterminationApp */,
				8644537025F4D6A800C816CB /* Products */,
			);
			sourceTree = "<group>";
		};
		8644537025F4D6A800C816CB /* Products */ = {
			isa = PBXGroup;
			children = (
				8644536F25F4D6A800C816CB /* AgeDeterminationApp.app */,
			);
			name = Products;
			sourceTree = "<group>";
		};
		8644537125F4D6A800C816CB /* AgeDeterminationApp */ = {
			isa = PBXGroup;
			children = (
				8644538825F4E15300C816CB /* Models */,
				8644538725F4E12A00C816CB /* ViewControllers */,
				8644538625F4E11A00C816CB /* ViewModels */,
				8644539925F4ED8E00C816CB /* Views */,
				8644537225F4D6A800C816CB /* AppDelegate.swift */,
				8644537425F4D6A800C816CB /* SceneDelegate.swift */,
				8644537B25F4D6AC00C816CB /* Assets.xcassets */,
				8644537D25F4D6AC00C816CB /* LaunchScreen.storyboard */,
				8644538025F4D6AC00C816CB /* Info.plist */,
			);
			path = AgeDeterminationApp;
			sourceTree = "<group>";
		};
		8644538625F4E11A00C816CB /* ViewModels */ = {
			isa = PBXGroup;
			children = (
				8644538B25F4E27600C816CB /* Home */,
			);
			path = ViewModels;
			sourceTree = "<group>";
		};
		8644538725F4E12A00C816CB /* ViewControllers */ = {
			isa = PBXGroup;
			children = (
				8644538A25F4E27000C816CB /* Home */,
			);
			path = ViewControllers;
			sourceTree = "<group>";
		};
		8644538825F4E15300C816CB /* Models */ = {
			isa = PBXGroup;
			children = (
				8644538925F4E26900C816CB /* Home */,
			);
			path = Models;
			sourceTree = "<group>";
		};
		8644538925F4E26900C816CB /* Home */ = {
			isa = PBXGroup;
			children = (
				8644539025F4E54200C816CB /* HomeModel.swift */,
			);
			path = Home;
			sourceTree = "<group>";
		};
		8644538A25F4E27000C816CB /* Home */ = {
			isa = PBXGroup;
			children = (
				8644538E25F4E51700C816CB /* HomeViewController.swift */,
				8644539425F4E5D600C816CB /* Home.storyboard */,
			);
			path = Home;
			sourceTree = "<group>";
		};
		8644538B25F4E27600C816CB /* Home */ = {
			isa = PBXGroup;
			children = (
				8644539225F4E56100C816CB /* HomeViewModel.swift */,
			);
			path = Home;
			sourceTree = "<group>";
		};
		8644539925F4ED8E00C816CB /* Views */ = {
			isa = PBXGroup;
			children = (
				8644539A25F4EDD300C816CB /* Home */,
			);
			path = Views;
			sourceTree = "<group>";
		};
		8644539A25F4EDD300C816CB /* Home */ = {
			isa = PBXGroup;
			children = (
				864453AB25F4EFCF00C816CB /* ActionSelectScreen */,
				864453AA25F4EFB600C816CB /* ImageSetScreen */,
			);
			path = Home;
			sourceTree = "<group>";
		};
		864453AA25F4EFB600C816CB /* ImageSetScreen */ = {
			isa = PBXGroup;
			children = (
				864453A625F4EFAC00C816CB /* ImageSetScreenCell.swift */,
				864453A725F4EFAC00C816CB /* ImageSetScreenCell.xib */,
			);
			path = ImageSetScreen;
			sourceTree = "<group>";
		};
		864453AB25F4EFCF00C816CB /* ActionSelectScreen */ = {
			isa = PBXGroup;
			children = (
				864453AC25F4F07C00C816CB /* ActionSelectScreenCell.swift */,
				864453AD25F4F07C00C816CB /* ActionSelectScreenCell.xib */,
			);
			path = ActionSelectScreen;
			sourceTree = "<group>";
		};
/* End PBXGroup section */

/* Begin PBXNativeTarget section */
		8644536E25F4D6A800C816CB /* AgeDeterminationApp */ = {
			isa = PBXNativeTarget;
			buildConfigurationList = 8644538325F4D6AC00C816CB /* Build configuration list for PBXNativeTarget "AgeDeterminationApp" */;
			buildPhases = (
				8644536B25F4D6A800C816CB /* Sources */,
				8644536C25F4D6A800C816CB /* Frameworks */,
				8644536D25F4D6A800C816CB /* Resources */,
			);
			buildRules = (
			);
			dependencies = (
			);
			name = AgeDeterminationApp;
			productName = AgeDeterminationApp;
			productReference = 8644536F25F4D6A800C816CB /* AgeDeterminationApp.app */;
			productType = "com.apple.product-type.application";
		};
/* End PBXNativeTarget section */

/* Begin PBXProject section */
		8644536725F4D6A800C816CB /* Project object */ = {
			isa = PBXProject;
			attributes = {
				LastSwiftUpdateCheck = 1130;
				LastUpgradeCheck = 1130;
				ORGANIZATIONNAME = training;
				TargetAttributes = {
					8644536E25F4D6A800C816CB = {
						CreatedOnToolsVersion = 11.3.1;
					};
				};
			};
			buildConfigurationList = 8644536A25F4D6A800C816CB /* Build configuration list for PBXProject "AgeDeterminationApp" */;
			compatibilityVersion = "Xcode 9.3";
			developmentRegion = en;
			hasScannedForEncodings = 0;
			knownRegions = (
				en,
				Base,
			);
			mainGroup = 8644536625F4D6A800C816CB;
			productRefGroup = 8644537025F4D6A800C816CB /* Products */;
			projectDirPath = "";
			projectRoot = "";
			targets = (
				8644536E25F4D6A800C816CB /* AgeDeterminationApp */,
			);
		};
/* End PBXProject section */

/* Begin PBXResourcesBuildPhase section */
		8644536D25F4D6A800C816CB /* Resources */ = {
			isa = PBXResourcesBuildPhase;
			buildActionMask = 2147483647;
			files = (
				864453A925F4EFAC00C816CB /* ImageSetScreenCell.xib in Resources */,
				864453AF25F4F07C00C816CB /* ActionSelectScreenCell.xib in Resources */,
				8644539525F4E5D600C816CB /* Home.storyboard in Resources */,
				8644537F25F4D6AC00C816CB /* LaunchScreen.storyboard in Resources */,
				8644537C25F4D6AC00C816CB /* Assets.xcassets in Resources */,
			);
			runOnlyForDeploymentPostprocessing = 0;
		};
/* End PBXResourcesBuildPhase section */

/* Begin PBXSourcesBuildPhase section */
		8644536B25F4D6A800C816CB /* Sources */ = {
			isa = PBXSourcesBuildPhase;
			buildActionMask = 2147483647;
			files = (
				8644539125F4E54200C816CB /* HomeModel.swift in Sources */,
				8644537325F4D6A800C816CB /* AppDelegate.swift in Sources */,
				8644537525F4D6A800C816CB /* SceneDelegate.swift in Sources */,
				8644539325F4E56100C816CB /* HomeViewModel.swift in Sources */,
				864453AE25F4F07C00C816CB /* ActionSelectScreenCell.swift in Sources */,
				864453A825F4EFAC00C816CB /* ImageSetScreenCell.swift in Sources */,
				8644538F25F4E51700C816CB /* HomeViewController.swift in Sources */,
			);
			runOnlyForDeploymentPostprocessing = 0;
		};
/* End PBXSourcesBuildPhase section */

/* Begin PBXVariantGroup section */
		8644537D25F4D6AC00C816CB /* LaunchScreen.storyboard */ = {
			isa = PBXVariantGroup;
			children = (
				8644537E25F4D6AC00C816CB /* Base */,
			);
			name = LaunchScreen.storyboard;
			sourceTree = "<group>";
		};
/* End PBXVariantGroup section */

/* Begin XCBuildConfiguration section */
		8644538125F4D6AC00C816CB /* Debug */ = {
			isa = XCBuildConfiguration;
			buildSettings = {
				ALWAYS_SEARCH_USER_PATHS = NO;
				CLANG_ANALYZER_NONNULL = YES;
				CLANG_ANALYZER_NUMBER_OBJECT_CONVERSION = YES_AGGRESSIVE;
				CLANG_CXX_LANGUAGE_STANDARD = "gnu++14";
				CLANG_CXX_LIBRARY = "libc++";
				CLANG_ENABLE_MODULES = YES;
				CLANG_ENABLE_OBJC_ARC = YES;
				CLANG_ENABLE_OBJC_WEAK = YES;
				CLANG_WARN_BLOCK_CAPTURE_AUTORELEASING = YES;
				CLANG_WARN_BOOL_CONVERSION = YES;
				CLANG_WARN_COMMA = YES;
				CLANG_WARN_CONSTANT_CONVERSION = YES;
				CLANG_WARN_DEPRECATED_OBJC_IMPLEMENTATIONS = YES;
				CLANG_WARN_DIRECT_OBJC_ISA_USAGE = YES_ERROR;
				CLANG_WARN_DOCUMENTATION_COMMENTS = YES;
				CLANG_WARN_EMPTY_BODY = YES;
				CLANG_WARN_ENUM_CONVERSION = YES;
				CLANG_WARN_INFINITE_RECURSION = YES;
				CLANG_WARN_INT_CONVERSION = YES;
				CLANG_WARN_NON_LITERAL_NULL_CONVERSION = YES;
				CLANG_WARN_OBJC_IMPLICIT_RETAIN_SELF = YES;
				CLANG_WARN_OBJC_LITERAL_CONVERSION = YES;
				CLANG_WARN_OBJC_ROOT_CLASS = YES_ERROR;
				CLANG_WARN_RANGE_LOOP_ANALYSIS = YES;
				CLANG_WARN_STRICT_PROTOTYPES = YES;
				CLANG_WARN_SUSPICIOUS_MOVE = YES;
				CLANG_WARN_UNGUARDED_AVAILABILITY = YES_AGGRESSIVE;
				CLANG_WARN_UNREACHABLE_CODE = YES;
				CLANG_WARN__DUPLICATE_METHOD_MATCH = YES;
				COPY_PHASE_STRIP = NO;
				DEBUG_INFORMATION_FORMAT = dwarf;
				ENABLE_STRICT_OBJC_MSGSEND = YES;
				ENABLE_TESTABILITY = YES;
				GCC_C_LANGUAGE_STANDARD = gnu11;
				GCC_DYNAMIC_NO_PIC = NO;
				GCC_NO_COMMON_BLOCKS = YES;
				GCC_OPTIMIZATION_LEVEL = 0;
				GCC_PREPROCESSOR_DEFINITIONS = (
					"DEBUG=1",
					"$(inherited)",
				);
				GCC_WARN_64_TO_32_BIT_CONVERSION = YES;
				GCC_WARN_ABOUT_RETURN_TYPE = YES_ERROR;
				GCC_WARN_UNDECLARED_SELECTOR = YES;
				GCC_WARN_UNINITIALIZED_AUTOS = YES_AGGRESSIVE;
				GCC_WARN_UNUSED_FUNCTION = YES;
				GCC_WARN_UNUSED_VARIABLE = YES;
				IPHONEOS_DEPLOYMENT_TARGET = 13.2;
				MTL_ENABLE_DEBUG_INFO = INCLUDE_SOURCE;
				MTL_FAST_MATH = YES;
				ONLY_ACTIVE_ARCH = YES;
				SDKROOT = iphoneos;
				SWIFT_ACTIVE_COMPILATION_CONDITIONS = DEBUG;
				SWIFT_OPTIMIZATION_LEVEL = "-Onone";
			};
			name = Debug;
		};
		8644538225F4D6AC00C816CB /* Release */ = {
			isa = XCBuildConfiguration;
			buildSettings = {
				ALWAYS_SEARCH_USER_PATHS = NO;
				CLANG_ANALYZER_NONNULL = YES;
				CLANG_ANALYZER_NUMBER_OBJECT_CONVERSION = YES_AGGRESSIVE;
				CLANG_CXX_LANGUAGE_STANDARD = "gnu++14";
				CLANG_CXX_LIBRARY = "libc++";
				CLANG_ENABLE_MODULES = YES;
				CLANG_ENABLE_OBJC_ARC = YES;
				CLANG_ENABLE_OBJC_WEAK = YES;
				CLANG_WARN_BLOCK_CAPTURE_AUTORELEASING = YES;
				CLANG_WARN_BOOL_CONVERSION = YES;
				CLANG_WARN_COMMA = YES;
				CLANG_WARN_CONSTANT_CONVERSION = YES;
				CLANG_WARN_DEPRECATED_OBJC_IMPLEMENTATIONS = YES;
				CLANG_WARN_DIRECT_OBJC_ISA_USAGE = YES_ERROR;
				CLANG_WARN_DOCUMENTATION_COMMENTS = YES;
				CLANG_WARN_EMPTY_BODY = YES;
				CLANG_WARN_ENUM_CONVERSION = YES;
				CLANG_WARN_INFINITE_RECURSION = YES;
				CLANG_WARN_INT_CONVERSION = YES;
				CLANG_WARN_NON_LITERAL_NULL_CONVERSION = YES;
				CLANG_WARN_OBJC_IMPLICIT_RETAIN_SELF = YES;
				CLANG_WARN_OBJC_LITERAL_CONVERSION = YES;
				CLANG_WARN_OBJC_ROOT_CLASS = YES_ERROR;
				CLANG_WARN_RANGE_LOOP_ANALYSIS = YES;
				CLANG_WARN_STRICT_PROTOTYPES = YES;
				CLANG_WARN_SUSPICIOUS_MOVE = YES;
				CLANG_WARN_UNGUARDED_AVAILABILITY = YES_AGGRESSIVE;
				CLANG_WARN_UNREACHABLE_CODE = YES;
				CLANG_WARN__DUPLICATE_METHOD_MATCH = YES;
				COPY_PHASE_STRIP = NO;
				DEBUG_INFORMATION_FORMAT = "dwarf-with-dsym";
				ENABLE_NS_ASSERTIONS = NO;
				ENABLE_STRICT_OBJC_MSGSEND = YES;
				GCC_C_LANGUAGE_STANDARD = gnu11;
				GCC_NO_COMMON_BLOCKS = YES;
				GCC_WARN_64_TO_32_BIT_CONVERSION = YES;
				GCC_WARN_ABOUT_RETURN_TYPE = YES_ERROR;
				GCC_WARN_UNDECLARED_SELECTOR = YES;
				GCC_WARN_UNINITIALIZED_AUTOS = YES_AGGRESSIVE;
				GCC_WARN_UNUSED_FUNCTION = YES;
				GCC_WARN_UNUSED_VARIABLE = YES;
				IPHONEOS_DEPLOYMENT_TARGET = 13.2;
				MTL_ENABLE_DEBUG_INFO = NO;
				MTL_FAST_MATH = YES;
				SDKROOT = iphoneos;
				SWIFT_COMPILATION_MODE = wholemodule;
				SWIFT_OPTIMIZATION_LEVEL = "-O";
				VALIDATE_PRODUCT = YES;
			};
			name = Release;
		};
		8644538425F4D6AC00C816CB /* Debug */ = {
			isa = XCBuildConfiguration;
			buildSettings = {
				ASSETCATALOG_COMPILER_APPICON_NAME = AppIcon;
				CODE_SIGN_STYLE = Automatic;
				DEVELOPMENT_TEAM = L6A5VT8J9W;
				INFOPLIST_FILE = AgeDeterminationApp/Info.plist;
				LD_RUNPATH_SEARCH_PATHS = (
					"$(inherited)",
					"@executable_path/Frameworks",
				);
				PRODUCT_BUNDLE_IDENTIFIER = com.training.AgeDeterminationApp;
				PRODUCT_NAME = "$(TARGET_NAME)";
				SWIFT_VERSION = 5.0;
				TARGETED_DEVICE_FAMILY = "1,2";
			};
			name = Debug;
		};
		8644538525F4D6AC00C816CB /* Release */ = {
			isa = XCBuildConfiguration;
			buildSettings = {
				ASSETCATALOG_COMPILER_APPICON_NAME = AppIcon;
				CODE_SIGN_STYLE = Automatic;
				DEVELOPMENT_TEAM = L6A5VT8J9W;
				INFOPLIST_FILE = AgeDeterminationApp/Info.plist;
				LD_RUNPATH_SEARCH_PATHS = (
					"$(inherited)",
					"@executable_path/Frameworks",
				);
				PRODUCT_BUNDLE_IDENTIFIER = com.training.AgeDeterminationApp;
				PRODUCT_NAME = "$(TARGET_NAME)";
				SWIFT_VERSION = 5.0;
				TARGETED_DEVICE_FAMILY = "1,2";
			};
			name = Release;
		};
/* End XCBuildConfiguration section */

/* Begin XCConfigurationList section */
		8644536A25F4D6A800C816CB /* Build configuration list for PBXProject "AgeDeterminationApp" */ = {
			isa = XCConfigurationList;
			buildConfigurations = (
				8644538125F4D6AC00C816CB /* Debug */,
				8644538225F4D6AC00C816CB /* Release */,
			);
			defaultConfigurationIsVisible = 0;
			defaultConfigurationName = Release;
		};
		8644538325F4D6AC00C816CB /* Build configuration list for PBXNativeTarget "AgeDeterminationApp" */ = {
			isa = XCConfigurationList;
			buildConfigurations = (
				8644538425F4D6AC00C816CB /* Debug */,
				8644538525F4D6AC00C816CB /* Release */,
			);
			defaultConfigurationIsVisible = 0;
			defaultConfigurationName = Release;
		};
/* End XCConfigurationList section */
	};
	rootObject = 8644536725F4D6A800C816CB /* Project object */;
}
